// !$*UTF8*$!
{
	archiveVersion = 1;
	classes = {
	};
	objectVersion = 46;
	objects = {

/* Begin PBXBuildFile section */
		4641EBB5167EA96B00A4E590 /* LARSAdController.m in Sources */ = {isa = PBXBuildFile; fileRef = 4641EBAD167EA96B00A4E590 /* LARSAdController.m */; };
		4641EBB7167EA96B00A4E590 /* TOLAdAdapteriAds.m in Sources */ = {isa = PBXBuildFile; fileRef = 4641EBB2167EA96B00A4E590 /* TOLAdAdapteriAds.m */; };
		4641EBB8167EA96B00A4E590 /* TOLAdViewController.m in Sources */ = {isa = PBXBuildFile; fileRef = 4641EBB4167EA96B00A4E590 /* TOLAdViewController.m */; };
		4642C0A7167CFB040039EE16 /* Default-568h@2x.png in Resources */ = {isa = PBXBuildFile; fileRef = 4642C0A6167CFB040039EE16 /* Default-568h@2x.png */; };
		465B42971623820900CBC997 /* AdSupport.framework in Frameworks */ = {isa = PBXBuildFile; fileRef = 465B42961623820900CBC997 /* AdSupport.framework */; settings = {ATTRIBUTES = (Weak, ); }; };
		467C4BE31692020900FC0DD5 /* TOLAdAdapterHouseAds.m in Sources */ = {isa = PBXBuildFile; fileRef = 467C4BE21692020900FC0DD5 /* TOLAdAdapterHouseAds.m */; };
		4691CC6F165202A700559F58 /* StoreKit.framework in Frameworks */ = {isa = PBXBuildFile; fileRef = 4691CC6E165202A700559F58 /* StoreKit.framework */; };
		46B9178F14425C5F007EF823 /* UIKit.framework in Frameworks */ = {isa = PBXBuildFile; fileRef = 46B9178E14425C5F007EF823 /* UIKit.framework */; };
		46B9179114425C5F007EF823 /* Foundation.framework in Frameworks */ = {isa = PBXBuildFile; fileRef = 46B9179014425C5F007EF823 /* Foundation.framework */; };
		46B9179314425C5F007EF823 /* CoreGraphics.framework in Frameworks */ = {isa = PBXBuildFile; fileRef = 46B9179214425C5F007EF823 /* CoreGraphics.framework */; };
		46B9179914425C60007EF823 /* InfoPlist.strings in Resources */ = {isa = PBXBuildFile; fileRef = 46B9179714425C60007EF823 /* InfoPlist.strings */; };
		46B9179B14425C60007EF823 /* main.m in Sources */ = {isa = PBXBuildFile; fileRef = 46B9179A14425C60007EF823 /* main.m */; };
		46B9179F14425C60007EF823 /* LARSAppDelegate.m in Sources */ = {isa = PBXBuildFile; fileRef = 46B9179E14425C60007EF823 /* LARSAppDelegate.m */; };
		46C1EAF6154C702A00EBFEF1 /* iAd.framework in Frameworks */ = {isa = PBXBuildFile; fileRef = 46C1EAF5154C702A00EBFEF1 /* iAd.framework */; };
		46C1EAF8154C703000EBFEF1 /* SystemConfiguration.framework in Frameworks */ = {isa = PBXBuildFile; fileRef = 46C1EAF7154C703000EBFEF1 /* SystemConfiguration.framework */; };
		46C1EAFA154C705E00EBFEF1 /* AudioToolbox.framework in Frameworks */ = {isa = PBXBuildFile; fileRef = 46C1EAF9154C705E00EBFEF1 /* AudioToolbox.framework */; };
		46C1EAFC154C706300EBFEF1 /* MessageUI.framework in Frameworks */ = {isa = PBXBuildFile; fileRef = 46C1EAFB154C706300EBFEF1 /* MessageUI.framework */; };
		46C1EAFF154C868500EBFEF1 /* LARSExampleViewController.m in Sources */ = {isa = PBXBuildFile; fileRef = 46C1EAFE154C868500EBFEF1 /* LARSExampleViewController.m */; };
		46F29287164CBDE500AB7775 /* .gitignore in Resources */ = {isa = PBXBuildFile; fileRef = 46F29273164CBDE500AB7775 /* .gitignore */; };
		46F29288164CBDE500AB7775 /* GoogleAds.podspec in Resources */ = {isa = PBXBuildFile; fileRef = 46F2927D164CBDE500AB7775 /* GoogleAds.podspec */; };
		46F29289164CBDE500AB7775 /* libGoogleAdMobAds.a in Frameworks */ = {isa = PBXBuildFile; fileRef = 46F2927E164CBDE500AB7775 /* libGoogleAdMobAds.a */; };
		46F8742016915DDF001A2DF8 /* TOLAdAdapterGoogleAds.m in Sources */ = {isa = PBXBuildFile; fileRef = 46F8741F16915DDF001A2DF8 /* TOLAdAdapterGoogleAds.m */; };
/* End PBXBuildFile section */

/* Begin PBXFileReference section */
		4641EBAC167EA96B00A4E590 /* LARSAdController.h */ = {isa = PBXFileReference; fileEncoding = 4; lastKnownFileType = sourcecode.c.h; path = LARSAdController.h; sourceTree = "<group>"; };
		4641EBAD167EA96B00A4E590 /* LARSAdController.m */ = {isa = PBXFileReference; fileEncoding = 4; lastKnownFileType = sourcecode.c.objc; path = LARSAdController.m; sourceTree = "<group>"; };
		4641EBAE167EA96B00A4E590 /* TOLAdAdapter.h */ = {isa = PBXFileReference; fileEncoding = 4; lastKnownFileType = sourcecode.c.h; path = TOLAdAdapter.h; sourceTree = "<group>"; };
		4641EBAF167EA96B00A4E590 /* TOLAdAdapterGoogleAds.h */ = {isa = PBXFileReference; fileEncoding = 4; lastKnownFileType = sourcecode.c.h; path = TOLAdAdapterGoogleAds.h; sourceTree = "<group>"; };
		4641EBB1167EA96B00A4E590 /* TOLAdAdapteriAds.h */ = {isa = PBXFileReference; fileEncoding = 4; lastKnownFileType = sourcecode.c.h; path = TOLAdAdapteriAds.h; sourceTree = "<group>"; };
		4641EBB2167EA96B00A4E590 /* TOLAdAdapteriAds.m */ = {isa = PBXFileReference; fileEncoding = 4; lastKnownFileType = sourcecode.c.objc; path = TOLAdAdapteriAds.m; sourceTree = "<group>"; };
		4641EBB3167EA96B00A4E590 /* TOLAdViewController.h */ = {isa = PBXFileReference; fileEncoding = 4; lastKnownFileType = sourcecode.c.h; path = TOLAdViewController.h; sourceTree = "<group>"; };
		4641EBB4167EA96B00A4E590 /* TOLAdViewController.m */ = {isa = PBXFileReference; fileEncoding = 4; lastKnownFileType = sourcecode.c.objc; path = TOLAdViewController.m; sourceTree = "<group>"; };
		4642C0A6167CFB040039EE16 /* Default-568h@2x.png */ = {isa = PBXFileReference; lastKnownFileType = image.png; path = "Default-568h@2x.png"; sourceTree = "<group>"; };
		465B42961623820900CBC997 /* AdSupport.framework */ = {isa = PBXFileReference; lastKnownFileType = wrapper.framework; name = AdSupport.framework; path = System/Library/Frameworks/AdSupport.framework; sourceTree = SDKROOT; };
		467C4BE11692020900FC0DD5 /* TOLAdAdapterHouseAds.h */ = {isa = PBXFileReference; fileEncoding = 4; lastKnownFileType = sourcecode.c.h; path = TOLAdAdapterHouseAds.h; sourceTree = "<group>"; };
		467C4BE21692020900FC0DD5 /* TOLAdAdapterHouseAds.m */ = {isa = PBXFileReference; fileEncoding = 4; lastKnownFileType = sourcecode.c.objc; path = TOLAdAdapterHouseAds.m; sourceTree = "<group>"; };
		4691CC6E165202A700559F58 /* StoreKit.framework */ = {isa = PBXFileReference; lastKnownFileType = wrapper.framework; name = StoreKit.framework; path = System/Library/Frameworks/StoreKit.framework; sourceTree = SDKROOT; };
		46B9178A14425C5F007EF823 /* adcontrollerdemo.app */ = {isa = PBXFileReference; explicitFileType = wrapper.application; includeInIndex = 0; path = adcontrollerdemo.app; sourceTree = BUILT_PRODUCTS_DIR; };
		46B9178E14425C5F007EF823 /* UIKit.framework */ = {isa = PBXFileReference; lastKnownFileType = wrapper.framework; name = UIKit.framework; path = System/Library/Frameworks/UIKit.framework; sourceTree = SDKROOT; };
		46B9179014425C5F007EF823 /* Foundation.framework */ = {isa = PBXFileReference; lastKnownFileType = wrapper.framework; name = Foundation.framework; path = System/Library/Frameworks/Foundation.framework; sourceTree = SDKROOT; };
		46B9179214425C5F007EF823 /* CoreGraphics.framework */ = {isa = PBXFileReference; lastKnownFileType = wrapper.framework; name = CoreGraphics.framework; path = System/Library/Frameworks/CoreGraphics.framework; sourceTree = SDKROOT; };
		46B9179614425C60007EF823 /* adcontrollerdemo-Info.plist */ = {isa = PBXFileReference; lastKnownFileType = text.plist.xml; path = "adcontrollerdemo-Info.plist"; sourceTree = "<group>"; };
		46B9179814425C60007EF823 /* en */ = {isa = PBXFileReference; lastKnownFileType = text.plist.strings; name = en; path = en.lproj/InfoPlist.strings; sourceTree = "<group>"; };
		46B9179A14425C60007EF823 /* main.m */ = {isa = PBXFileReference; lastKnownFileType = sourcecode.c.objc; path = main.m; sourceTree = "<group>"; };
		46B9179C14425C60007EF823 /* adcontrollerdemo-Prefix.pch */ = {isa = PBXFileReference; lastKnownFileType = sourcecode.c.h; path = "adcontrollerdemo-Prefix.pch"; sourceTree = "<group>"; };
		46B9179D14425C60007EF823 /* LARSAppDelegate.h */ = {isa = PBXFileReference; lastKnownFileType = sourcecode.c.h; path = LARSAppDelegate.h; sourceTree = "<group>"; };
		46B9179E14425C60007EF823 /* LARSAppDelegate.m */ = {isa = PBXFileReference; lastKnownFileType = sourcecode.c.objc; path = LARSAppDelegate.m; sourceTree = "<group>"; };
		46C1EAF5154C702A00EBFEF1 /* iAd.framework */ = {isa = PBXFileReference; lastKnownFileType = wrapper.framework; name = iAd.framework; path = System/Library/Frameworks/iAd.framework; sourceTree = SDKROOT; };
		46C1EAF7154C703000EBFEF1 /* SystemConfiguration.framework */ = {isa = PBXFileReference; lastKnownFileType = wrapper.framework; name = SystemConfiguration.framework; path = System/Library/Frameworks/SystemConfiguration.framework; sourceTree = SDKROOT; };
		46C1EAF9154C705E00EBFEF1 /* AudioToolbox.framework */ = {isa = PBXFileReference; lastKnownFileType = wrapper.framework; name = AudioToolbox.framework; path = System/Library/Frameworks/AudioToolbox.framework; sourceTree = SDKROOT; };
		46C1EAFB154C706300EBFEF1 /* MessageUI.framework */ = {isa = PBXFileReference; lastKnownFileType = wrapper.framework; name = MessageUI.framework; path = System/Library/Frameworks/MessageUI.framework; sourceTree = SDKROOT; };
		46C1EAFD154C868500EBFEF1 /* LARSExampleViewController.h */ = {isa = PBXFileReference; fileEncoding = 4; lastKnownFileType = sourcecode.c.h; path = LARSExampleViewController.h; sourceTree = "<group>"; };
		46C1EAFE154C868500EBFEF1 /* LARSExampleViewController.m */ = {isa = PBXFileReference; fileEncoding = 4; lastKnownFileType = sourcecode.c.objc; path = LARSExampleViewController.m; sourceTree = "<group>"; };
		46F29273164CBDE500AB7775 /* .gitignore */ = {isa = PBXFileReference; fileEncoding = 4; lastKnownFileType = text; path = .gitignore; sourceTree = "<group>"; };
		46F29274164CBDE500AB7775 /* GADAdMobExtras.h */ = {isa = PBXFileReference; fileEncoding = 4; lastKnownFileType = sourcecode.c.h; path = GADAdMobExtras.h; sourceTree = "<group>"; };
		46F29275164CBDE500AB7775 /* GADAdNetworkExtras.h */ = {isa = PBXFileReference; fileEncoding = 4; lastKnownFileType = sourcecode.c.h; path = GADAdNetworkExtras.h; sourceTree = "<group>"; };
		46F29276164CBDE500AB7775 /* GADAdSize.h */ = {isa = PBXFileReference; fileEncoding = 4; lastKnownFileType = sourcecode.c.h; path = GADAdSize.h; sourceTree = "<group>"; };
		46F29277164CBDE500AB7775 /* GADBannerView.h */ = {isa = PBXFileReference; fileEncoding = 4; lastKnownFileType = sourcecode.c.h; path = GADBannerView.h; sourceTree = "<group>"; };
		46F29278164CBDE500AB7775 /* GADBannerViewDelegate.h */ = {isa = PBXFileReference; fileEncoding = 4; lastKnownFileType = sourcecode.c.h; path = GADBannerViewDelegate.h; sourceTree = "<group>"; };
		46F29279164CBDE500AB7775 /* GADInterstitial.h */ = {isa = PBXFileReference; fileEncoding = 4; lastKnownFileType = sourcecode.c.h; path = GADInterstitial.h; sourceTree = "<group>"; };
		46F2927A164CBDE500AB7775 /* GADInterstitialDelegate.h */ = {isa = PBXFileReference; fileEncoding = 4; lastKnownFileType = sourcecode.c.h; path = GADInterstitialDelegate.h; sourceTree = "<group>"; };
		46F2927B164CBDE500AB7775 /* GADRequest.h */ = {isa = PBXFileReference; fileEncoding = 4; lastKnownFileType = sourcecode.c.h; path = GADRequest.h; sourceTree = "<group>"; };
		46F2927C164CBDE500AB7775 /* GADRequestError.h */ = {isa = PBXFileReference; fileEncoding = 4; lastKnownFileType = sourcecode.c.h; path = GADRequestError.h; sourceTree = "<group>"; };
		46F2927D164CBDE500AB7775 /* GoogleAds.podspec */ = {isa = PBXFileReference; fileEncoding = 4; lastKnownFileType = text; path = GoogleAds.podspec; sourceTree = "<group>"; };
		46F2927E164CBDE500AB7775 /* libGoogleAdMobAds.a */ = {isa = PBXFileReference; lastKnownFileType = archive.ar; path = libGoogleAdMobAds.a; sourceTree = "<group>"; };
		46F29280164CBDE500AB7775 /* GADCustomEventBanner.h */ = {isa = PBXFileReference; fileEncoding = 4; lastKnownFileType = sourcecode.c.h; path = GADCustomEventBanner.h; sourceTree = "<group>"; };
		46F29281164CBDE500AB7775 /* GADCustomEventBannerDelegate.h */ = {isa = PBXFileReference; fileEncoding = 4; lastKnownFileType = sourcecode.c.h; path = GADCustomEventBannerDelegate.h; sourceTree = "<group>"; };
		46F29282164CBDE500AB7775 /* GADCustomEventExtras.h */ = {isa = PBXFileReference; fileEncoding = 4; lastKnownFileType = sourcecode.c.h; path = GADCustomEventExtras.h; sourceTree = "<group>"; };
		46F29283164CBDE500AB7775 /* GADCustomEventInterstitial.h */ = {isa = PBXFileReference; fileEncoding = 4; lastKnownFileType = sourcecode.c.h; path = GADCustomEventInterstitial.h; sourceTree = "<group>"; };
		46F29284164CBDE500AB7775 /* GADCustomEventInterstitialDelegate.h */ = {isa = PBXFileReference; fileEncoding = 4; lastKnownFileType = sourcecode.c.h; path = GADCustomEventInterstitialDelegate.h; sourceTree = "<group>"; };
		46F29285164CBDE500AB7775 /* GADCustomEventRequest.h */ = {isa = PBXFileReference; fileEncoding = 4; lastKnownFileType = sourcecode.c.h; path = GADCustomEventRequest.h; sourceTree = "<group>"; };
		46F8741F16915DDF001A2DF8 /* TOLAdAdapterGoogleAds.m */ = {isa = PBXFileReference; fileEncoding = 4; lastKnownFileType = sourcecode.c.objc; path = TOLAdAdapterGoogleAds.m; sourceTree = "<group>"; };
/* End PBXFileReference section */

/* Begin PBXFrameworksBuildPhase section */
		46B9178714425C5F007EF823 /* Frameworks */ = {
			isa = PBXFrameworksBuildPhase;
			buildActionMask = 2147483647;
			files = (
				4691CC6F165202A700559F58 /* StoreKit.framework in Frameworks */,
				465B42971623820900CBC997 /* AdSupport.framework in Frameworks */,
				46C1EAFC154C706300EBFEF1 /* MessageUI.framework in Frameworks */,
				46C1EAFA154C705E00EBFEF1 /* AudioToolbox.framework in Frameworks */,
				46C1EAF8154C703000EBFEF1 /* SystemConfiguration.framework in Frameworks */,
				46C1EAF6154C702A00EBFEF1 /* iAd.framework in Frameworks */,
				46B9178F14425C5F007EF823 /* UIKit.framework in Frameworks */,
				46B9179114425C5F007EF823 /* Foundation.framework in Frameworks */,
				46B9179314425C5F007EF823 /* CoreGraphics.framework in Frameworks */,
				46F29289164CBDE500AB7775 /* libGoogleAdMobAds.a in Frameworks */,
			);
			runOnlyForDeploymentPostprocessing = 0;
		};
/* End PBXFrameworksBuildPhase section */

/* Begin PBXGroup section */
		4641EBAB167EA96B00A4E590 /* LARSAdController */ = {
			isa = PBXGroup;
			children = (
				4641EBAC167EA96B00A4E590 /* LARSAdController.h */,
				4641EBAD167EA96B00A4E590 /* LARSAdController.m */,
				4641EBAE167EA96B00A4E590 /* TOLAdAdapter.h */,
				4641EBB9167EAA0E00A4E590 /* Ad Network Adapters */,
				4641EBB3167EA96B00A4E590 /* TOLAdViewController.h */,
				4641EBB4167EA96B00A4E590 /* TOLAdViewController.m */,
			);
			name = LARSAdController;
			path = ../../Source;
			sourceTree = "<group>";
		};
		4641EBB9167EAA0E00A4E590 /* Ad Network Adapters */ = {
			isa = PBXGroup;
			children = (
				467C4BE11692020900FC0DD5 /* TOLAdAdapterHouseAds.h */,
				467C4BE21692020900FC0DD5 /* TOLAdAdapterHouseAds.m */,
				4641EBAF167EA96B00A4E590 /* TOLAdAdapterGoogleAds.h */,
				46F8741F16915DDF001A2DF8 /* TOLAdAdapterGoogleAds.m */,
				4641EBB1167EA96B00A4E590 /* TOLAdAdapteriAds.h */,
				4641EBB2167EA96B00A4E590 /* TOLAdAdapteriAds.m */,
			);
			name = "Ad Network Adapters";
			sourceTree = "<group>";
		};
		46B9177F14425C5F007EF823 = {
			isa = PBXGroup;
			children = (
				4642C0A6167CFB040039EE16 /* Default-568h@2x.png */,
				4641EBAB167EA96B00A4E590 /* LARSAdController */,
				46F29272164CBDE500AB7775 /* GoogleAds */,
				46B9179414425C5F007EF823 /* adcontrollerdemo */,
				46B9178D14425C5F007EF823 /* Frameworks */,
				46B9178B14425C5F007EF823 /* Products */,
			);
			sourceTree = "<group>";
		};
		46B9178B14425C5F007EF823 /* Products */ = {
			isa = PBXGroup;
			children = (
				46B9178A14425C5F007EF823 /* adcontrollerdemo.app */,
			);
			name = Products;
			sourceTree = "<group>";
		};
		46B9178D14425C5F007EF823 /* Frameworks */ = {
			isa = PBXGroup;
			children = (
				4691CC6E165202A700559F58 /* StoreKit.framework */,
				465B42961623820900CBC997 /* AdSupport.framework */,
				46C1EAFB154C706300EBFEF1 /* MessageUI.framework */,
				46C1EAF9154C705E00EBFEF1 /* AudioToolbox.framework */,
				46C1EAF7154C703000EBFEF1 /* SystemConfiguration.framework */,
				46C1EAF5154C702A00EBFEF1 /* iAd.framework */,
				46B9178E14425C5F007EF823 /* UIKit.framework */,
				46B9179014425C5F007EF823 /* Foundation.framework */,
				46B9179214425C5F007EF823 /* CoreGraphics.framework */,
			);
			name = Frameworks;
			sourceTree = "<group>";
		};
		46B9179414425C5F007EF823 /* adcontrollerdemo */ = {
			isa = PBXGroup;
			children = (
				46B9179D14425C60007EF823 /* LARSAppDelegate.h */,
				46B9179E14425C60007EF823 /* LARSAppDelegate.m */,
				46C1EAFD154C868500EBFEF1 /* LARSExampleViewController.h */,
				46C1EAFE154C868500EBFEF1 /* LARSExampleViewController.m */,
				46B9179514425C60007EF823 /* Supporting Files */,
			);
			path = adcontrollerdemo;
			sourceTree = "<group>";
		};
		46B9179514425C60007EF823 /* Supporting Files */ = {
			isa = PBXGroup;
			children = (
				46B9179614425C60007EF823 /* adcontrollerdemo-Info.plist */,
				46B9179714425C60007EF823 /* InfoPlist.strings */,
				46B9179A14425C60007EF823 /* main.m */,
				46B9179C14425C60007EF823 /* adcontrollerdemo-Prefix.pch */,
			);
			name = "Supporting Files";
			sourceTree = "<group>";
		};
		46F29272164CBDE500AB7775 /* GoogleAds */ = {
			isa = PBXGroup;
			children = (
				46F29273164CBDE500AB7775 /* .gitignore */,
				46F29274164CBDE500AB7775 /* GADAdMobExtras.h */,
				46F29275164CBDE500AB7775 /* GADAdNetworkExtras.h */,
				46F29276164CBDE500AB7775 /* GADAdSize.h */,
				46F29277164CBDE500AB7775 /* GADBannerView.h */,
				46F29278164CBDE500AB7775 /* GADBannerViewDelegate.h */,
				46F29279164CBDE500AB7775 /* GADInterstitial.h */,
				46F2927A164CBDE500AB7775 /* GADInterstitialDelegate.h */,
				46F2927B164CBDE500AB7775 /* GADRequest.h */,
				46F2927C164CBDE500AB7775 /* GADRequestError.h */,
				46F2927D164CBDE500AB7775 /* GoogleAds.podspec */,
				46F2927E164CBDE500AB7775 /* libGoogleAdMobAds.a */,
				46F2927F164CBDE500AB7775 /* Mediation */,
			);
			name = GoogleAds;
			path = ../GoogleAds;
			sourceTree = "<group>";
		};
		46F2927F164CBDE500AB7775 /* Mediation */ = {
			isa = PBXGroup;
			children = (
				46F29280164CBDE500AB7775 /* GADCustomEventBanner.h */,
				46F29281164CBDE500AB7775 /* GADCustomEventBannerDelegate.h */,
				46F29282164CBDE500AB7775 /* GADCustomEventExtras.h */,
				46F29283164CBDE500AB7775 /* GADCustomEventInterstitial.h */,
				46F29284164CBDE500AB7775 /* GADCustomEventInterstitialDelegate.h */,
				46F29285164CBDE500AB7775 /* GADCustomEventRequest.h */,
			);
			path = Mediation;
			sourceTree = "<group>";
		};
/* End PBXGroup section */

/* Begin PBXNativeTarget section */
		46B9178914425C5F007EF823 /* adcontrollerdemo */ = {
			isa = PBXNativeTarget;
			buildConfigurationList = 46B917B414425C60007EF823 /* Build configuration list for PBXNativeTarget "adcontrollerdemo" */;
			buildPhases = (
				46B9178614425C5F007EF823 /* Sources */,
				46B9178714425C5F007EF823 /* Frameworks */,
				46B9178814425C5F007EF823 /* Resources */,
				4691CC68164EC49200559F58 /* ShellScript */,
			);
			buildRules = (
			);
			dependencies = (
			);
			name = adcontrollerdemo;
			productName = adcontrollerdemo;
			productReference = 46B9178A14425C5F007EF823 /* adcontrollerdemo.app */;
			productType = "com.apple.product-type.application";
		};
/* End PBXNativeTarget section */

/* Begin PBXProject section */
		46B9178114425C5F007EF823 /* Project object */ = {
			isa = PBXProject;
			attributes = {
				CLASSPREFIX = LARS;
				LastUpgradeCheck = 0450;
				ORGANIZATIONNAME = theonlylars;
			};
			buildConfigurationList = 46B9178414425C5F007EF823 /* Build configuration list for PBXProject "adcontrollerdemo" */;
			compatibilityVersion = "Xcode 3.2";
			developmentRegion = English;
			hasScannedForEncodings = 0;
			knownRegions = (
				en,
			);
			mainGroup = 46B9177F14425C5F007EF823;
			productRefGroup = 46B9178B14425C5F007EF823 /* Products */;
			projectDirPath = "";
			projectRoot = "";
			targets = (
				46B9178914425C5F007EF823 /* adcontrollerdemo */,
			);
		};
/* End PBXProject section */

/* Begin PBXResourcesBuildPhase section */
		46B9178814425C5F007EF823 /* Resources */ = {
			isa = PBXResourcesBuildPhase;
			buildActionMask = 2147483647;
			files = (
				46B9179914425C60007EF823 /* InfoPlist.strings in Resources */,
				46F29287164CBDE500AB7775 /* .gitignore in Resources */,
				46F29288164CBDE500AB7775 /* GoogleAds.podspec in Resources */,
				4642C0A7167CFB040039EE16 /* Default-568h@2x.png in Resources */,
			);
			runOnlyForDeploymentPostprocessing = 0;
		};
/* End PBXResourcesBuildPhase section */

/* Begin PBXShellScriptBuildPhase section */
		4691CC68164EC49200559F58 /* ShellScript */ = {
			isa = PBXShellScriptBuildPhase;
			buildActionMask = 2147483647;
			files = (
			);
			inputPaths = (
			);
			outputPaths = (
			);
			runOnlyForDeploymentPostprocessing = 0;
			shellPath = /bin/sh;
			shellScript = "KEYWORDS=\"TODO:|FIXME:|\\?\\?\\?:|\\!\\!\\!:\"\nfind \"${SRCROOT}/../..\" \\( -name \"*.h\" -or -name \"*.m\" \\) -print0 | \\\nxargs -0 egrep --with-filename --line-number --only-matching \"($KEYWORDS).*\\$\" | \\\nperl -p -e \"s/($KEYWORDS)/ warning: \\$1/\"";
		};
/* End PBXShellScriptBuildPhase section */

/* Begin PBXSourcesBuildPhase section */
		46B9178614425C5F007EF823 /* Sources */ = {
			isa = PBXSourcesBuildPhase;
			buildActionMask = 2147483647;
			files = (
				46B9179B14425C60007EF823 /* main.m in Sources */,
				46B9179F14425C60007EF823 /* LARSAppDelegate.m in Sources */,
				46C1EAFF154C868500EBFEF1 /* LARSExampleViewController.m in Sources */,
				4641EBB5167EA96B00A4E590 /* LARSAdController.m in Sources */,
				4641EBB7167EA96B00A4E590 /* TOLAdAdapteriAds.m in Sources */,
				4641EBB8167EA96B00A4E590 /* TOLAdViewController.m in Sources */,
				46F8742016915DDF001A2DF8 /* TOLAdAdapterGoogleAds.m in Sources */,
				467C4BE31692020900FC0DD5 /* TOLAdAdapterHouseAds.m in Sources */,
			);
			runOnlyForDeploymentPostprocessing = 0;
		};
/* End PBXSourcesBuildPhase section */

/* Begin PBXVariantGroup section */
		46B9179714425C60007EF823 /* InfoPlist.strings */ = {
			isa = PBXVariantGroup;
			children = (
				46B9179814425C60007EF823 /* en */,
			);
			name = InfoPlist.strings;
			sourceTree = "<group>";
		};
/* End PBXVariantGroup section */

/* Begin XCBuildConfiguration section */
		46B917B214425C60007EF823 /* Debug */ = {
			isa = XCBuildConfiguration;
			buildSettings = {
				ALWAYS_SEARCH_USER_PATHS = NO;
				ARCHS = "$(ARCHS_STANDARD_32_BIT)";
				CLANG_WARN_OBJCPP_ARC_ABI = YES;
				CODE_SIGN_IDENTITY = "iPhone Developer";
				"CODE_SIGN_IDENTITY[sdk=iphoneos*]" = "iPhone Developer";
				COPY_PHASE_STRIP = NO;
				GCC_C_LANGUAGE_STANDARD = gnu99;
				GCC_DYNAMIC_NO_PIC = NO;
				GCC_OPTIMIZATION_LEVEL = 0;
				GCC_PREPROCESSOR_DEFINITIONS = (
					"DEBUG=1",
					"$(inherited)",
				);
				GCC_SYMBOLS_PRIVATE_EXTERN = NO;
				GCC_VERSION = com.apple.compilers.llvm.clang.1_0;
				GCC_WARN_ABOUT_MISSING_PROTOTYPES = YES;
				GCC_WARN_ABOUT_RETURN_TYPE = YES;
				GCC_WARN_UNUSED_VARIABLE = YES;
				IPHONEOS_DEPLOYMENT_TARGET = 5.0;
				PROVISIONING_PROFILE = "";
				SDKROOT = iphoneos;
				TARGETED_DEVICE_FAMILY = "1,2";
			};
			name = Debug;
		};
		46B917B314425C60007EF823 /* Release */ = {
			isa = XCBuildConfiguration;
			buildSettings = {
				ALWAYS_SEARCH_USER_PATHS = NO;
				ARCHS = "$(ARCHS_STANDARD_32_BIT)";
				CLANG_WARN_OBJCPP_ARC_ABI = YES;
				CODE_SIGN_IDENTITY = "iPhone Developer";
				"CODE_SIGN_IDENTITY[sdk=iphoneos*]" = "iPhone Developer";
				COPY_PHASE_STRIP = YES;
				GCC_C_LANGUAGE_STANDARD = gnu99;
				GCC_VERSION = com.apple.compilers.llvm.clang.1_0;
				GCC_WARN_ABOUT_MISSING_PROTOTYPES = YES;
				GCC_WARN_ABOUT_RETURN_TYPE = YES;
				GCC_WARN_UNUSED_VARIABLE = YES;
				IPHONEOS_DEPLOYMENT_TARGET = 5.0;
				OTHER_CFLAGS = "-DNS_BLOCK_ASSERTIONS=1";
				PROVISIONING_PROFILE = "";
				SDKROOT = iphoneos;
				TARGETED_DEVICE_FAMILY = "1,2";
				VALIDATE_PRODUCT = YES;
			};
			name = Release;
		};
		46B917B514425C60007EF823 /* Debug */ = {
			isa = XCBuildConfiguration;
			buildSettings = {
				CLANG_ENABLE_OBJC_ARC = YES;
				CODE_SIGN_IDENTITY = "iPhone Developer";
				"CODE_SIGN_IDENTITY[sdk=iphoneos*]" = "iPhone Developer";
				GCC_PRECOMPILE_PREFIX_HEADER = YES;
				GCC_PREFIX_HEADER = "adcontrollerdemo/adcontrollerdemo-Prefix.pch";
				INFOPLIST_FILE = "adcontrollerdemo/adcontrollerdemo-Info.plist";
				IPHONEOS_DEPLOYMENT_TARGET = 5.0;
				LIBRARY_SEARCH_PATHS = (
					"$(inherited)",
					"\"$(SRCROOT)/../AdMob\"/**",
					"\"$(SRCROOT)/../GoogleAds\"",
				);
				PRODUCT_NAME = "$(TARGET_NAME)";
				PROVISIONING_PROFILE = "";
				"PROVISIONING_PROFILE[sdk=iphoneos*]" = "";
				WRAPPER_EXTENSION = app;
			};
			name = Debug;
		};
		46B917B614425C60007EF823 /* Release */ = {
			isa = XCBuildConfiguration;
			buildSettings = {
				CLANG_ENABLE_OBJC_ARC = YES;
				CODE_SIGN_IDENTITY = "iPhone Developer";
				GCC_PRECOMPILE_PREFIX_HEADER = YES;
				GCC_PREFIX_HEADER = "adcontrollerdemo/adcontrollerdemo-Prefix.pch";
				INFOPLIST_FILE = "adcontrollerdemo/adcontrollerdemo-Info.plist";
				IPHONEOS_DEPLOYMENT_TARGET = 5.0;
				LIBRARY_SEARCH_PATHS = (
					"$(inherited)",
					"\"$(SRCROOT)/../AdMob\"/**",
					"\"$(SRCROOT)/../GoogleAds\"",
				);
				PRODUCT_NAME = "$(TARGET_NAME)";
				PROVISIONING_PROFILE = "";
				WRAPPER_EXTENSION = app;
			};
			name = Release;
		};
/* End XCBuildConfiguration section */

/* Begin XCConfigurationList section */
		46B9178414425C5F007EF823 /* Build configuration list for PBXProject "adcontrollerdemo" */ = {
			isa = XCConfigurationList;
			buildConfigurations = (
				46B917B214425C60007EF823 /* Debug */,
				46B917B314425C60007EF823 /* Release */,
			);
			defaultConfigurationIsVisible = 0;
			defaultConfigurationName = Release;
		};
		46B917B414425C60007EF823 /* Build configuration list for PBXNativeTarget "adcontrollerdemo" */ = {
			isa = XCConfigurationList;
			buildConfigurations = (
				46B917B514425C60007EF823 /* Debug */,
				46B917B614425C60007EF823 /* Release */,
			);
			defaultConfigurationIsVisible = 0;
			defaultConfigurationName = Release;
		};
/* End XCConfigurationList section */
	};
	rootObject = 46B9178114425C5F007EF823 /* Project object */;
}
