PODS:
  - Google-Mobile-Ads-SDK (6.11.1)
  - LARSAdController (3.0.7):
    - LARSAdController/Core
    - LARSAdController/GoogleAds
    - LARSAdController/iAds
  - LARSAdController/Core (3.0.7)
  - LARSAdController/GoogleAds (3.0.7):
    - Google-Mobile-Ads-SDK
    - LARSAdController/Core
  - LARSAdController/iAds (3.0.7):
    - LARSAdController/Core

DEPENDENCIES:
  - Google-Mobile-Ads-SDK
  - LARSAdController (from `../..`)

EXTERNAL SOURCES:
  LARSAdController:
    :path: ../..

SPEC CHECKSUMS:
  Google-Mobile-Ads-SDK: 657fcbf9436363d0f925cf905d176fb1cb10df85
  LARSAdController: bdcca2807b3766d4455685d78cd2879b76f59a62

COCOAPODS: 0.33.1
