PODS:
  - Google-Mobile-Ads-SDK (7.5.1)
  - LARSAdController/Core (3.1.0)
  - LARSAdController/GoogleAds (3.1.0):
    - Google-Mobile-Ads-SDK (~> 7.2)
    - LARSAdController/Core
  - LARSAdController/iAds (3.1.0):
    - LARSAdController/Core

DEPENDENCIES:
  - LARSAdController/GoogleAds (from `../..`)
  - LARSAdController/iAds (from `../..`)

EXTERNAL SOURCES:
  LARSAdController:
    :path: "../.."

SPEC CHECKSUMS:
  Google-Mobile-Ads-SDK: 37315a38a1c6ed738da43a938afb2425099e6759
  LARSAdController: d432a984097819570e4dff77c0ba879aa8b851e3

COCOAPODS: 0.38.2
